
Microsoft Visual Studio Solution File, Format Version 12.00
# Visual Studio Version 16
VisualStudioVersion = 16.0.29521.150
MinimumVisualStudioVersion = 10.0.40219.1
Project("{FAE04EC0-301F-11D3-BF4B-00C04F79EFBC}") = "tesselate_building", "tesselate_building\tesselate_building.csproj", "{B9B5E01A-7DAD-4237-B529-2B37B909716C}"
EndProject
Project("{FAE04EC0-301F-11D3-BF4B-00C04F79EFBC}") = "NUnitTestProject1", "..\tesselate_building_tests\NUnitTestProject1\NUnitTestProject1.csproj", "{EE365B36-0251-4A53-9935-AF70989A2A9C}"
EndProject
Global
	GlobalSection(SolutionConfigurationPlatforms) = preSolution
		Debug|Any CPU = Debug|Any CPU
		Release|Any CPU = Release|Any CPU
	EndGlobalSection
	GlobalSection(ProjectConfigurationPlatforms) = postSolution
		{B9B5E01A-7DAD-4237-B529-2B37B909716C}.Debug|Any CPU.ActiveCfg = Debug|Any CPU
		{B9B5E01A-7DAD-4237-B529-2B37B909716C}.Debug|Any CPU.Build.0 = Debug|Any CPU
		{B9B5E01A-7DAD-4237-B529-2B37B909716C}.Release|Any CPU.ActiveCfg = Release|Any CPU
		{B9B5E01A-7DAD-4237-B529-2B37B909716C}.Release|Any CPU.Build.0 = Release|Any CPU
		{EE365B36-0251-4A53-9935-AF70989A2A9C}.Debug|Any CPU.ActiveCfg = Debug|Any CPU
		{EE365B36-0251-4A53-9935-AF70989A2A9C}.Debug|Any CPU.Build.0 = Debug|Any CPU
		{EE365B36-0251-4A53-9935-AF70989A2A9C}.Release|Any CPU.ActiveCfg = Release|Any CPU
		{EE365B36-0251-4A53-9935-AF70989A2A9C}.Release|Any CPU.Build.0 = Release|Any CPU
	EndGlobalSection
	GlobalSection(SolutionProperties) = preSolution
		HideSolutionNode = FALSE
	EndGlobalSection
	GlobalSection(ExtensibilityGlobals) = postSolution
		SolutionGuid = {BB06FD6F-F465-489B-B6A6-FBA1D6F23975}
	EndGlobalSection
EndGlobal
